// !$*UTF8*$!
{
	archiveVersion = 1;
	classes = {
	};
	objectVersion = 50;
	objects = {

/* Begin PBXBuildFile section */
		FF8AD4E62505BFA50053C65D /* WeatherViewModel.swift in Sources */ = {isa = PBXBuildFile; fileRef = FF8AD4E52505BFA50053C65D /* WeatherViewModel.swift */; };
		FF8AD4E82505BFEE0053C65D /* Weather.swift in Sources */ = {isa = PBXBuildFile; fileRef = FF8AD4E72505BFEE0053C65D /* Weather.swift */; };
		FF8AD4EA2505C5140053C65D /* WeatherService.swift in Sources */ = {isa = PBXBuildFile; fileRef = FF8AD4E92505C5140053C65D /* WeatherService.swift */; };
		FF8AD4F0250718E60053C65D /* city.list.json in Resources */ = {isa = PBXBuildFile; fileRef = FF8AD4EF250718E60053C65D /* city.list.json */; };
		FF9F95F025047E4900E526D6 /* AppDelegate.swift in Sources */ = {isa = PBXBuildFile; fileRef = FF9F95EF25047E4900E526D6 /* AppDelegate.swift */; };
		FF9F95F225047E4900E526D6 /* SceneDelegate.swift in Sources */ = {isa = PBXBuildFile; fileRef = FF9F95F125047E4900E526D6 /* SceneDelegate.swift */; };
		FF9F95F425047E4900E526D6 /* WeatherViewController.swift in Sources */ = {isa = PBXBuildFile; fileRef = FF9F95F325047E4900E526D6 /* WeatherViewController.swift */; };
		FF9F95F725047E4900E526D6 /* Main.storyboard in Resources */ = {isa = PBXBuildFile; fileRef = FF9F95F525047E4900E526D6 /* Main.storyboard */; };
		FF9F95F925047E5100E526D6 /* Assets.xcassets in Resources */ = {isa = PBXBuildFile; fileRef = FF9F95F825047E5100E526D6 /* Assets.xcassets */; };
		FF9F95FC25047E5100E526D6 /* LaunchScreen.storyboard in Resources */ = {isa = PBXBuildFile; fileRef = FF9F95FA25047E5100E526D6 /* LaunchScreen.storyboard */; };
/* End PBXBuildFile section */

/* Begin PBXFileReference section */
		FF8AD4E52505BFA50053C65D /* WeatherViewModel.swift */ = {isa = PBXFileReference; lastKnownFileType = sourcecode.swift; path = WeatherViewModel.swift; sourceTree = "<group>"; };
		FF8AD4E72505BFEE0053C65D /* Weather.swift */ = {isa = PBXFileReference; lastKnownFileType = sourcecode.swift; path = Weather.swift; sourceTree = "<group>"; };
		FF8AD4E92505C5140053C65D /* WeatherService.swift */ = {isa = PBXFileReference; lastKnownFileType = sourcecode.swift; path = WeatherService.swift; sourceTree = "<group>"; };
		FF8AD4EF250718E60053C65D /* city.list.json */ = {isa = PBXFileReference; fileEncoding = 4; lastKnownFileType = text.json; path = city.list.json; sourceTree = "<group>"; };
		FF9F95EC25047E4900E526D6 /* World Weather.app */ = {isa = PBXFileReference; explicitFileType = wrapper.application; includeInIndex = 0; path = "World Weather.app"; sourceTree = BUILT_PRODUCTS_DIR; };
		FF9F95EF25047E4900E526D6 /* AppDelegate.swift */ = {isa = PBXFileReference; lastKnownFileType = sourcecode.swift; path = AppDelegate.swift; sourceTree = "<group>"; };
		FF9F95F125047E4900E526D6 /* SceneDelegate.swift */ = {isa = PBXFileReference; lastKnownFileType = sourcecode.swift; path = SceneDelegate.swift; sourceTree = "<group>"; };
		FF9F95F325047E4900E526D6 /* WeatherViewController.swift */ = {isa = PBXFileReference; lastKnownFileType = sourcecode.swift; path = WeatherViewController.swift; sourceTree = "<group>"; };
		FF9F95F625047E4900E526D6 /* Base */ = {isa = PBXFileReference; lastKnownFileType = file.storyboard; name = Base; path = Base.lproj/Main.storyboard; sourceTree = "<group>"; };
		FF9F95F825047E5100E526D6 /* Assets.xcassets */ = {isa = PBXFileReference; lastKnownFileType = folder.assetcatalog; path = Assets.xcassets; sourceTree = "<group>"; };
		FF9F95FB25047E5100E526D6 /* Base */ = {isa = PBXFileReference; lastKnownFileType = file.storyboard; name = Base; path = Base.lproj/LaunchScreen.storyboard; sourceTree = "<group>"; };
		FF9F95FD25047E5100E526D6 /* Info.plist */ = {isa = PBXFileReference; lastKnownFileType = text.plist.xml; path = Info.plist; sourceTree = "<group>"; };
/* End PBXFileReference section */

/* Begin PBXFrameworksBuildPhase section */
		FF9F95E925047E4900E526D6 /* Frameworks */ = {
			isa = PBXFrameworksBuildPhase;
			buildActionMask = 2147483647;
			files = (
			);
			runOnlyForDeploymentPostprocessing = 0;
		};
/* End PBXFrameworksBuildPhase section */

/* Begin PBXGroup section */
		FF8AD4EB2505C5290053C65D /* Controllers */ = {
			isa = PBXGroup;
			children = (
				FF9F95F325047E4900E526D6 /* WeatherViewController.swift */,
			);
			name = Controllers;
			sourceTree = "<group>";
		};
		FF8AD4EC2505C5390053C65D /* View Models */ = {
			isa = PBXGroup;
			children = (
				FF8AD4E52505BFA50053C65D /* WeatherViewModel.swift */,
			);
			name = "View Models";
			sourceTree = "<group>";
		};
		FF8AD4ED2505C5580053C65D /* Models */ = {
			isa = PBXGroup;
			children = (
				FF8AD4E72505BFEE0053C65D /* Weather.swift */,
			);
			name = Models;
			sourceTree = "<group>";
		};
		FF8AD4EE2505C56E0053C65D /* Network Services */ = {
			isa = PBXGroup;
			children = (
				FF8AD4E92505C5140053C65D /* WeatherService.swift */,
			);
			name = "Network Services";
			sourceTree = "<group>";
		};
		FF8AD4F12507191B0053C65D /* DataFiles */ = {
			isa = PBXGroup;
			children = (
				FF8AD4EF250718E60053C65D /* city.list.json */,
			);
			name = DataFiles;
			sourceTree = "<group>";
		};
		FF9F95E325047E4900E526D6 = {
			isa = PBXGroup;
			children = (
				FF9F95EE25047E4900E526D6 /* World Weather */,
				FF9F95ED25047E4900E526D6 /* Products */,
			);
			sourceTree = "<group>";
		};
		FF9F95ED25047E4900E526D6 /* Products */ = {
			isa = PBXGroup;
			children = (
				FF9F95EC25047E4900E526D6 /* World Weather.app */,
			);
			name = Products;
			sourceTree = "<group>";
		};
		FF9F95EE25047E4900E526D6 /* World Weather */ = {
			isa = PBXGroup;
			children = (
				FF9F95F525047E4900E526D6 /* Main.storyboard */,
				FF8AD4EB2505C5290053C65D /* Controllers */,
				FF8AD4EC2505C5390053C65D /* View Models */,
				FF8AD4ED2505C5580053C65D /* Models */,
				FF8AD4EE2505C56E0053C65D /* Network Services */,
				FF8AD4F12507191B0053C65D /* DataFiles */,
				FF9F960425047F4200E526D6 /* Supporting files */,
			);
			path = "World Weather";
			sourceTree = "<group>";
		};
		FF9F960425047F4200E526D6 /* Supporting files */ = {
			isa = PBXGroup;
			children = (
				FF9F95EF25047E4900E526D6 /* AppDelegate.swift */,
				FF9F95F125047E4900E526D6 /* SceneDelegate.swift */,
				FF9F95F825047E5100E526D6 /* Assets.xcassets */,
				FF9F95FA25047E5100E526D6 /* LaunchScreen.storyboard */,
				FF9F95FD25047E5100E526D6 /* Info.plist */,
			);
			name = "Supporting files";
			sourceTree = "<group>";
		};
/* End PBXGroup section */

/* Begin PBXNativeTarget section */
		FF9F95EB25047E4900E526D6 /* World Weather */ = {
			isa = PBXNativeTarget;
			buildConfigurationList = FF9F960025047E5100E526D6 /* Build configuration list for PBXNativeTarget "World Weather" */;
			buildPhases = (
				FF9F95E825047E4900E526D6 /* Sources */,
				FF9F95E925047E4900E526D6 /* Frameworks */,
				FF9F95EA25047E4900E526D6 /* Resources */,
			);
			buildRules = (
			);
			dependencies = (
			);
			name = "World Weather";
			productName = "World Weather";
			productReference = FF9F95EC25047E4900E526D6 /* World Weather.app */;
			productType = "com.apple.product-type.application";
		};
/* End PBXNativeTarget section */

/* Begin PBXProject section */
		FF9F95E425047E4900E526D6 /* Project object */ = {
			isa = PBXProject;
			attributes = {
				LastSwiftUpdateCheck = 1170;
				LastUpgradeCheck = 1170;
				ORGANIZATIONNAME = "Ashish Bansal";
				TargetAttributes = {
					FF9F95EB25047E4900E526D6 = {
						CreatedOnToolsVersion = 11.7;
					};
				};
			};
			buildConfigurationList = FF9F95E725047E4900E526D6 /* Build configuration list for PBXProject "World Weather" */;
			compatibilityVersion = "Xcode 9.3";
			developmentRegion = en;
			hasScannedForEncodings = 0;
			knownRegions = (
				en,
				Base,
			);
			mainGroup = FF9F95E325047E4900E526D6;
			productRefGroup = FF9F95ED25047E4900E526D6 /* Products */;
			projectDirPath = "";
			projectRoot = "";
			targets = (
				FF9F95EB25047E4900E526D6 /* World Weather */,
			);
		};
/* End PBXProject section */

/* Begin PBXResourcesBuildPhase section */
		FF9F95EA25047E4900E526D6 /* Resources */ = {
			isa = PBXResourcesBuildPhase;
			buildActionMask = 2147483647;
			files = (
				FF9F95FC25047E5100E526D6 /* LaunchScreen.storyboard in Resources */,
				FF8AD4F0250718E60053C65D /* city.list.json in Resources */,
				FF9F95F925047E5100E526D6 /* Assets.xcassets in Resources */,
				FF9F95F725047E4900E526D6 /* Main.storyboard in Resources */,
			);
			runOnlyForDeploymentPostprocessing = 0;
		};
/* End PBXResourcesBuildPhase section */

/* Begin PBXSourcesBuildPhase section */
		FF9F95E825047E4900E526D6 /* Sources */ = {
			isa = PBXSourcesBuildPhase;
			buildActionMask = 2147483647;
			files = (
				FF9F95F425047E4900E526D6 /* WeatherViewController.swift in Sources */,
				FF8AD4E62505BFA50053C65D /* WeatherViewModel.swift in Sources */,
				FF9F95F025047E4900E526D6 /* AppDelegate.swift in Sources */,
				FF9F95F225047E4900E526D6 /* SceneDelegate.swift in Sources */,
				FF8AD4EA2505C5140053C65D /* WeatherService.swift in Sources */,
				FF8AD4E82505BFEE0053C65D /* Weather.swift in Sources */,
			);
			runOnlyForDeploymentPostprocessing = 0;
		};
/* End PBXSourcesBuildPhase section */

/* Begin PBXVariantGroup section */
		FF9F95F525047E4900E526D6 /* Main.storyboard */ = {
			isa = PBXVariantGroup;
			children = (
				FF9F95F625047E4900E526D6 /* Base */,
			);
			name = Main.storyboard;
			sourceTree = "<group>";
		};
		FF9F95FA25047E5100E526D6 /* LaunchScreen.storyboard */ = {
			isa = PBXVariantGroup;
			children = (
				FF9F95FB25047E5100E526D6 /* Base */,
			);
			name = LaunchScreen.storyboard;
			sourceTree = "<group>";
		};
/* End PBXVariantGroup section */

/* Begin XCBuildConfiguration section */
		FF9F95FE25047E5100E526D6 /* Debug */ = {
			isa = XCBuildConfiguration;
			buildSettings = {
				ALWAYS_SEARCH_USER_PATHS = NO;
				CLANG_ANALYZER_NONNULL = YES;
				CLANG_ANALYZER_NUMBER_OBJECT_CONVERSION = YES_AGGRESSIVE;
				CLANG_CXX_LANGUAGE_STANDARD = "gnu++14";
				CLANG_CXX_LIBRARY = "libc++";
				CLANG_ENABLE_MODULES = YES;
				CLANG_ENABLE_OBJC_ARC = YES;
				CLANG_ENABLE_OBJC_WEAK = YES;
				CLANG_WARN_BLOCK_CAPTURE_AUTORELEASING = YES;
				CLANG_WARN_BOOL_CONVERSION = YES;
				CLANG_WARN_COMMA = YES;
				CLANG_WARN_CONSTANT_CONVERSION = YES;
				CLANG_WARN_DEPRECATED_OBJC_IMPLEMENTATIONS = YES;
				CLANG_WARN_DIRECT_OBJC_ISA_USAGE = YES_ERROR;
				CLANG_WARN_DOCUMENTATION_COMMENTS = YES;
				CLANG_WARN_EMPTY_BODY = YES;
				CLANG_WARN_ENUM_CONVERSION = YES;
				CLANG_WARN_INFINITE_RECURSION = YES;
				CLANG_WARN_INT_CONVERSION = YES;
				CLANG_WARN_NON_LITERAL_NULL_CONVERSION = YES;
				CLANG_WARN_OBJC_IMPLICIT_RETAIN_SELF = YES;
				CLANG_WARN_OBJC_LITERAL_CONVERSION = YES;
				CLANG_WARN_OBJC_ROOT_CLASS = YES_ERROR;
				CLANG_WARN_RANGE_LOOP_ANALYSIS = YES;
				CLANG_WARN_STRICT_PROTOTYPES = YES;
				CLANG_WARN_SUSPICIOUS_MOVE = YES;
				CLANG_WARN_UNGUARDED_AVAILABILITY = YES_AGGRESSIVE;
				CLANG_WARN_UNREACHABLE_CODE = YES;
				CLANG_WARN__DUPLICATE_METHOD_MATCH = YES;
				COPY_PHASE_STRIP = NO;
				DEBUG_INFORMATION_FORMAT = dwarf;
				ENABLE_STRICT_OBJC_MSGSEND = YES;
				ENABLE_TESTABILITY = YES;
				GCC_C_LANGUAGE_STANDARD = gnu11;
				GCC_DYNAMIC_NO_PIC = NO;
				GCC_NO_COMMON_BLOCKS = YES;
				GCC_OPTIMIZATION_LEVEL = 0;
				GCC_PREPROCESSOR_DEFINITIONS = (
					"DEBUG=1",
					"$(inherited)",
				);
				GCC_WARN_64_TO_32_BIT_CONVERSION = YES;
				GCC_WARN_ABOUT_RETURN_TYPE = YES_ERROR;
				GCC_WARN_UNDECLARED_SELECTOR = YES;
				GCC_WARN_UNINITIALIZED_AUTOS = YES_AGGRESSIVE;
				GCC_WARN_UNUSED_FUNCTION = YES;
				GCC_WARN_UNUSED_VARIABLE = YES;
				IPHONEOS_DEPLOYMENT_TARGET = 13.6;
				MTL_ENABLE_DEBUG_INFO = INCLUDE_SOURCE;
				MTL_FAST_MATH = YES;
				ONLY_ACTIVE_ARCH = YES;
				SDKROOT = iphoneos;
				SWIFT_ACTIVE_COMPILATION_CONDITIONS = DEBUG;
				SWIFT_OPTIMIZATION_LEVEL = "-Onone";
			};
			name = Debug;
		};
		FF9F95FF25047E5100E526D6 /* Release */ = {
			isa = XCBuildConfiguration;
			buildSettings = {
				ALWAYS_SEARCH_USER_PATHS = NO;
				CLANG_ANALYZER_NONNULL = YES;
				CLANG_ANALYZER_NUMBER_OBJECT_CONVERSION = YES_AGGRESSIVE;
				CLANG_CXX_LANGUAGE_STANDARD = "gnu++14";
				CLANG_CXX_LIBRARY = "libc++";
				CLANG_ENABLE_MODULES = YES;
				CLANG_ENABLE_OBJC_ARC = YES;
				CLANG_ENABLE_OBJC_WEAK = YES;
				CLANG_WARN_BLOCK_CAPTURE_AUTORELEASING = YES;
				CLANG_WARN_BOOL_CONVERSION = YES;
				CLANG_WARN_COMMA = YES;
				CLANG_WARN_CONSTANT_CONVERSION = YES;
				CLANG_WARN_DEPRECATED_OBJC_IMPLEMENTATIONS = YES;
				CLANG_WARN_DIRECT_OBJC_ISA_USAGE = YES_ERROR;
				CLANG_WARN_DOCUMENTATION_COMMENTS = YES;
				CLANG_WARN_EMPTY_BODY = YES;
				CLANG_WARN_ENUM_CONVERSION = YES;
				CLANG_WARN_INFINITE_RECURSION = YES;
				CLANG_WARN_INT_CONVERSION = YES;
				CLANG_WARN_NON_LITERAL_NULL_CONVERSION = YES;
				CLANG_WARN_OBJC_IMPLICIT_RETAIN_SELF = YES;
				CLANG_WARN_OBJC_LITERAL_CONVERSION = YES;
				CLANG_WARN_OBJC_ROOT_CLASS = YES_ERROR;
				CLANG_WARN_RANGE_LOOP_ANALYSIS = YES;
				CLANG_WARN_STRICT_PROTOTYPES = YES;
				CLANG_WARN_SUSPICIOUS_MOVE = YES;
				CLANG_WARN_UNGUARDED_AVAILABILITY = YES_AGGRESSIVE;
				CLANG_WARN_UNREACHABLE_CODE = YES;
				CLANG_WARN__DUPLICATE_METHOD_MATCH = YES;
				COPY_PHASE_STRIP = NO;
				DEBUG_INFORMATION_FORMAT = "dwarf-with-dsym";
				ENABLE_NS_ASSERTIONS = NO;
				ENABLE_STRICT_OBJC_MSGSEND = YES;
				GCC_C_LANGUAGE_STANDARD = gnu11;
				GCC_NO_COMMON_BLOCKS = YES;
				GCC_WARN_64_TO_32_BIT_CONVERSION = YES;
				GCC_WARN_ABOUT_RETURN_TYPE = YES_ERROR;
				GCC_WARN_UNDECLARED_SELECTOR = YES;
				GCC_WARN_UNINITIALIZED_AUTOS = YES_AGGRESSIVE;
				GCC_WARN_UNUSED_FUNCTION = YES;
				GCC_WARN_UNUSED_VARIABLE = YES;
				IPHONEOS_DEPLOYMENT_TARGET = 13.6;
				MTL_ENABLE_DEBUG_INFO = NO;
				MTL_FAST_MATH = YES;
				SDKROOT = iphoneos;
				SWIFT_COMPILATION_MODE = wholemodule;
				SWIFT_OPTIMIZATION_LEVEL = "-O";
				VALIDATE_PRODUCT = YES;
			};
			name = Release;
		};
		FF9F960125047E5100E526D6 /* Debug */ = {
			isa = XCBuildConfiguration;
			buildSettings = {
				ASSETCATALOG_COMPILER_APPICON_NAME = AppIcon;
				CODE_SIGN_STYLE = Automatic;
				DEVELOPMENT_TEAM = WM532B966F;
				INFOPLIST_FILE = "World Weather/Info.plist";
				LD_RUNPATH_SEARCH_PATHS = (
					"$(inherited)",
					"@executable_path/Frameworks",
				);
				PRODUCT_BUNDLE_IDENTIFIER = "com.codewithab.World-Weather";
				PRODUCT_NAME = "$(TARGET_NAME)";
				SWIFT_VERSION = 5.0;
				TARGETED_DEVICE_FAMILY = "1,2";
			};
			name = Debug;
		};
		FF9F960225047E5100E526D6 /* Release */ = {
			isa = XCBuildConfiguration;
			buildSettings = {
				ASSETCATALOG_COMPILER_APPICON_NAME = AppIcon;
				CODE_SIGN_STYLE = Automatic;
				DEVELOPMENT_TEAM = WM532B966F;
				INFOPLIST_FILE = "World Weather/Info.plist";
				LD_RUNPATH_SEARCH_PATHS = (
					"$(inherited)",
					"@executable_path/Frameworks",
				);
				PRODUCT_BUNDLE_IDENTIFIER = "com.codewithab.World-Weather";
				PRODUCT_NAME = "$(TARGET_NAME)";
				SWIFT_VERSION = 5.0;
				TARGETED_DEVICE_FAMILY = "1,2";
			};
			name = Release;
		};
/* End XCBuildConfiguration section */

/* Begin XCConfigurationList section */
		FF9F95E725047E4900E526D6 /* Build configuration list for PBXProject "World Weather" */ = {
			isa = XCConfigurationList;
			buildConfigurations = (
				FF9F95FE25047E5100E526D6 /* Debug */,
				FF9F95FF25047E5100E526D6 /* Release */,
			);
			defaultConfigurationIsVisible = 0;
			defaultConfigurationName = Release;
		};
		FF9F960025047E5100E526D6 /* Build configuration list for PBXNativeTarget "World Weather" */ = {
			isa = XCConfigurationList;
			buildConfigurations = (
				FF9F960125047E5100E526D6 /* Debug */,
				FF9F960225047E5100E526D6 /* Release */,
			);
			defaultConfigurationIsVisible = 0;
			defaultConfigurationName = Release;
		};
/* End XCConfigurationList section */
	};
	rootObject = FF9F95E425047E4900E526D6 /* Project object */;
}
